
Microsoft Visual Studio Solution File, Format Version 12.00
# Visual Studio Version 17
VisualStudioVersion = 17.9.34616.47
MinimumVisualStudioVersion = 10.0.40219.1
Project("{FAE04EC0-301F-11D3-BF4B-00C04F79EFBC}") = "currency-c#", "currency-c#\currency-c#.csproj", "{3C02BCAF-F27F-4431-B9F6-7C247D691119}"
EndProject
Global
	GlobalSection(SolutionConfigurationPlatforms) = preSolution
		Debug|Any CPU = Debug|Any CPU
		Release|Any CPU = Release|Any CPU
	EndGlobalSection
	GlobalSection(ProjectConfigurationPlatforms) = postSolution
		{3C02BCAF-F27F-4431-B9F6-7C247D691119}.Debug|Any CPU.ActiveCfg = Debug|Any CPU
		{3C02BCAF-F27F-4431-B9F6-7C247D691119}.Debug|Any CPU.Build.0 = Debug|Any CPU
		{3C02BCAF-F27F-4431-B9F6-7C247D691119}.Release|Any CPU.ActiveCfg = Release|Any CPU
		{3C02BCAF-F27F-4431-B9F6-7C247D691119}.Release|Any CPU.Build.0 = Release|Any CPU
	EndGlobalSection
	GlobalSection(SolutionProperties) = preSolution
		HideSolutionNode = FALSE
	EndGlobalSection
	GlobalSection(ExtensibilityGlobals) = postSolution
		SolutionGuid = {E801BAC5-B79F-4CD4-9FEA-A6A59E86E4E7}
	EndGlobalSection
EndGlobal
